{
    "_readme": [
        "This file locks the dependencies of your project to a known state",
        "Read more about it at https://getcomposer.org/doc/01-basic-usage.md#composer-lock-the-lock-file",
        "This file is @generated automatically"
    ],
    "content-hash": "1581db214dc2557179bf58b49ceec578",
    "packages": [
        {
            "name": "srag/activerecordconfig",
            "version": "v0.16.2",
            "source": {
                "type": "git",
                "url": "https://github.com/studer-raimann/ActiveRecordConfig.git",
                "reference": "d1b6274f206afe02d58cb02335bae06fae212b67"
            },
            "dist": {
                "type": "zip",
                "url": "https://api.github.com/repos/studer-raimann/ActiveRecordConfig/zipball/d1b6274f206afe02d58cb02335bae06fae212b67",
                "reference": "d1b6274f206afe02d58cb02335bae06fae212b67",
                "shasum": ""
            },
            "require": {
                "php": ">=5.6",
                "srag/custominputguis": ">=0.1.0",
                "srag/dic": ">=0.1.0"
            },
            "type": "library",
            "autoload": {
                "psr-4": {
                    "srag\\ActiveRecordConfig\\SrLearningProgressPDBlock\\": "src/"
                }
            },
            "notification-url": "https://packagist.org/downloads/",
            "license": [
                "GPL-3.0-only"
            ],
            "authors": [
                {
                    "name": "studer + raimann ag - Team Custom 1",
                    "email": "support-custom1@studer-raimann.ch",
                    "homepage": "https://studer-raimann.ch",
                    "role": "Developer"
                }
            ],
            "description": "Simple ActiveRecord config for ILIAS plugins",
            "homepage": "https://github.com/studer-raimann/ActiveRecordConfig",
            "keywords": [
                "ILIAS",
                "activerecord",
                "config"
            ],
            "time": "2019-05-09T09:05:20+00:00"
        },
        {
            "name": "srag/custominputguis",
            "version": "v0.22.4",
            "source": {
                "type": "git",
                "url": "https://github.com/studer-raimann/CustomInputGUIs.git",
                "reference": "a0f605463372a28a1e5c40254e3465ed57dd743f"
            },
            "dist": {
                "type": "zip",
                "url": "https://api.github.com/repos/studer-raimann/CustomInputGUIs/zipball/a0f605463372a28a1e5c40254e3465ed57dd743f",
                "reference": "a0f605463372a28a1e5c40254e3465ed57dd743f",
                "shasum": ""
            },
            "require": {
                "php": ">=5.6",
                "srag/dic": ">=0.1.0"
            },
            "type": "library",
            "autoload": {
                "psr-4": {
                    "srag\\CustomInputGUIs\\": "src/"
                }
            },
            "notification-url": "https://packagist.org/downloads/",
            "license": [
                "GPL-3.0-only"
            ],
            "authors": [
                {
                    "name": "studer + raimann ag - Team Custom 1",
                    "email": "support-custom1@studer-raimann.ch",
                    "homepage": "https://studer-raimann.ch",
                    "role": "Developer"
                }
            ],
            "description": "Custom Input-GUI's",
            "homepage": "https://github.com/studer-raimann/CustomInputGUIs",
            "keywords": [
                "ILIAS",
                "PropertyForm",
                "gui",
                "input",
                "table"
            ],
            "time": "2019-06-06T11:16:21+00:00"
        },
        {
            "name": "srag/dic",
            "version": "v0.18.0",
            "source": {
                "type": "git",
                "url": "https://github.com/studer-raimann/DIC.git",
                "reference": "8cb486d006ae8151139ecfbe1514ecc032b23407"
            },
            "dist": {
                "type": "zip",
                "url": "https://api.github.com/repos/studer-raimann/DIC/zipball/8cb486d006ae8151139ecfbe1514ecc032b23407",
                "reference": "8cb486d006ae8151139ecfbe1514ecc032b23407",
                "shasum": ""
            },
            "require": {
                "php": ">=7.0"
            },
            "type": "library",
            "autoload": {
                "psr-4": {
                    "srag\\DIC\\SrLearningProgressPDBlock\\": "src/"
                }
            },
            "notification-url": "https://packagist.org/downloads/",
            "license": [
                "GPL-3.0-only"
            ],
            "authors": [
                {
                    "name": "studer + raimann ag - Team Custom 1",
                    "email": "support-custom1@studer-raimann.ch",
                    "homepage": "https://studer-raimann.ch",
                    "role": "Developer"
                }
            ],
            "description": "Use all ILIAS globals in your class",
            "homepage": "https://github.com/studer-raimann/DIC",
            "keywords": [
                "ILIAS",
                "dic",
                "globals",
                "trait"
            ],
            "time": "2019-05-28T11:46:06+00:00"
        },
        {
            "name": "srag/librariesnamespacechanger",
            "version": "v0.6.4",
            "source": {
                "type": "git",
                "url": "https://github.com/studer-raimann/LibrariesNamespaceChanger.git",
                "reference": "a7e3029a0fd9d96554ee3b149e02a5ad608b3572"
            },
            "dist": {
                "type": "zip",
                "url": "https://api.github.com/repos/studer-raimann/LibrariesNamespaceChanger/zipball/a7e3029a0fd9d96554ee3b149e02a5ad608b3572",
                "reference": "a7e3029a0fd9d96554ee3b149e02a5ad608b3572",
                "shasum": ""
            },
            "require": {
                "php": ">=5.6"
            },
            "type": "library",
            "autoload": {
                "psr-4": {
                    "srag\\LibrariesNamespaceChanger\\": "src/"
                }
            },
            "notification-url": "https://packagist.org/downloads/",
            "license": [
                "GPL-3.0-only"
            ],
            "authors": [
                {
                    "name": "studer + raimann ag - Team Custom 1",
                    "email": "support-custom1@studer-raimann.ch",
                    "homepage": "https://studer-raimann.ch",
                    "role": "Developer"
                }
            ],
            "description": "Change namespace of libraries to plugin namespace",
            "homepage": "https://github.com/studer-raimann/LibrariesNamespaceChanger",
            "keywords": [
                "ILIAS",
                "libraries"
            ],
            "time": "2019-05-24T11:57:27+00:00"
        },
        {
            "name": "srag/removeplugindataconfirm",
            "version": "v0.4.1",
            "source": {
                "type": "git",
                "url": "https://github.com/studer-raimann/RemovePluginDataConfirm.git",
                "reference": "fc1f1828c05ac2548d3b4022d53422cf1335ffc2"
            },
            "dist": {
                "type": "zip",
                "url": "https://api.github.com/repos/studer-raimann/RemovePluginDataConfirm/zipball/fc1f1828c05ac2548d3b4022d53422cf1335ffc2",
                "reference": "fc1f1828c05ac2548d3b4022d53422cf1335ffc2",
                "shasum": ""
            },
            "require": {
                "php": ">=5.6",
                "srag/dic": ">=0.1.0"
            },
            "type": "library",
            "autoload": {
                "psr-4": {
                    "srag\\RemovePluginDataConfirm\\SrLearningProgressPDBlock\\": "src/"
                }
            },
            "notification-url": "https://packagist.org/downloads/",
            "license": [
                "GPL-3.0-only"
            ],
            "authors": [
                {
                    "name": "studer + raimann ag - Team Custom 1",
                    "email": "support-custom1@studer-raimann.ch",
                    "homepage": "https://studer-raimann.ch",
                    "role": "Developer"
                }
            ],
            "description": "Demand if plugin data should be removed on uninstall",
            "homepage": "https://github.com/studer-raimann/RemovePluginDataConfirm",
            "keywords": [
                "ILIAS",
                "confirm",
                "data",
                "plugin",
                "uninstall"
            ],
            "time": "2019-03-26T13:17:27+00:00"
        }
    ],
    "packages-dev": [],
    "aliases": [],
    "minimum-stability": "stable",
    "stability-flags": [],
    "prefer-stable": false,
    "prefer-lowest": false,
    "platform": {
        "php": ">=7.0"
    },
    "platform-dev": []
}
